// !$*UTF8*$!
{
	archiveVersion = 1;
	classes = {
	};
	objectVersion = 77;
	objects = {

/* Begin PBXBuildFile section */
		77B4422086FC3311B4AFE5A9 /* Pods_NFC_Sd_Tracker.framework in Frameworks */ = {isa = PBXBuildFile; fileRef = FCAE2926EC02C06DC66A8571 /* Pods_NFC_Sd_Tracker.framework */; };
		C3B8E9BB2DC818F60014357D /* Metal.framework in Frameworks */ = {isa = PBXBuildFile; fileRef = C3B8E9BA2DC818F60014357D /* Metal.framework */; };
/* End PBXBuildFile section */

/* Begin PBXContainerItemProxy section */
		C3B6F7A02D73EB0500B39AF9 /* PBXContainerItemProxy */ = {
			isa = PBXContainerItemProxy;
			containerPortal = C3B6F7852D73EB0300B39AF9 /* Project object */;
			proxyType = 1;
			remoteGlobalIDString = C3B6F78C2D73EB0300B39AF9;
			remoteInfo = "NFC Sd Tracker";
		};
		C3B6F7AA2D73EB0500B39AF9 /* PBXContainerItemProxy */ = {
			isa = PBXContainerItemProxy;
			containerPortal = C3B6F7852D73EB0300B39AF9 /* Project object */;
			proxyType = 1;
			remoteGlobalIDString = C3B6F78C2D73EB0300B39AF9;
			remoteInfo = "NFC Sd Tracker";
		};
/* End PBXContainerItemProxy section */

/* Begin PBXFileReference section */
		5D62C5BA224168CE561F75C2 /* Pods-NFC Sd Tracker.release.xcconfig */ = {isa = PBXFileReference; includeInIndex = 1; lastKnownFileType = text.xcconfig; name = "Pods-NFC Sd Tracker.release.xcconfig"; path = "Target Support Files/Pods-NFC Sd Tracker/Pods-NFC Sd Tracker.release.xcconfig"; sourceTree = "<group>"; };
		A415FBFC7F27D0DE901501B6 /* Pods-NFC Sd Tracker.debug.xcconfig */ = {isa = PBXFileReference; includeInIndex = 1; lastKnownFileType = text.xcconfig; name = "Pods-NFC Sd Tracker.debug.xcconfig"; path = "Target Support Files/Pods-NFC Sd Tracker/Pods-NFC Sd Tracker.debug.xcconfig"; sourceTree = "<group>"; };
		C39000A82E298141000A9A19 /* NFC Sd Tracker.entitlements */ = {isa = PBXFileReference; lastKnownFileType = text.plist.entitlements; path = "NFC Sd Tracker.entitlements"; sourceTree = "<group>"; };
		C3B6F78D2D73EB0300B39AF9 /* NFC Sd Tracker.app */ = {isa = PBXFileReference; explicitFileType = wrapper.application; includeInIndex = 0; path = "NFC Sd Tracker.app"; sourceTree = BUILT_PRODUCTS_DIR; };
		C3B6F79F2D73EB0500B39AF9 /* NFC Sd TrackerTests.xctest */ = {isa = PBXFileReference; explicitFileType = wrapper.cfbundle; includeInIndex = 0; path = "NFC Sd TrackerTests.xctest"; sourceTree = BUILT_PRODUCTS_DIR; };
		C3B6F7A92D73EB0500B39AF9 /* NFC Sd TrackerUITests.xctest */ = {isa = PBXFileReference; explicitFileType = wrapper.cfbundle; includeInIndex = 0; path = "NFC Sd TrackerUITests.xctest"; sourceTree = BUILT_PRODUCTS_DIR; };
		C3B8E9BA2DC818F60014357D /* Metal.framework */ = {isa = PBXFileReference; lastKnownFileType = wrapper.framework; name = Metal.framework; path = System/Library/Frameworks/Metal.framework; sourceTree = SDKROOT; };
		FB01A1B12E45F6789C123456 /* Config/Firebase-Debug.xcconfig */ = {isa = PBXFileReference; lastKnownFileType = text.xcconfig; path = "Config/Firebase-Debug.xcconfig"; sourceTree = SOURCE_ROOT; };
		FB01A1B22E45F6789C123457 /* Config/Firebase-Release.xcconfig */ = {isa = PBXFileReference; lastKnownFileType = text.xcconfig; path = "Config/Firebase-Release.xcconfig"; sourceTree = SOURCE_ROOT; };
		FCAE2926EC02C06DC66A8571 /* Pods_NFC_Sd_Tracker.framework */ = {isa = PBXFileReference; explicitFileType = wrapper.framework; includeInIndex = 0; path = Pods_NFC_Sd_Tracker.framework; sourceTree = BUILT_PRODUCTS_DIR; };
/* End PBXFileReference section */

/* Begin PBXFileSystemSynchronizedRootGroup section */
		C3B6F78F2D73EB0300B39AF9 /* NFC Sd Tracker */ = {
			isa = PBXFileSystemSynchronizedRootGroup;
			path = "NFC Sd Tracker";
			sourceTree = "<group>";
		};
		C3B6F7A22D73EB0500B39AF9 /* NFC Sd TrackerTests */ = {
			isa = PBXFileSystemSynchronizedRootGroup;
			path = "NFC Sd TrackerTests";
			sourceTree = "<group>";
		};
		C3B6F7AC2D73EB0500B39AF9 /* NFC Sd TrackerUITests */ = {
			isa = PBXFileSystemSynchronizedRootGroup;
			path = "NFC Sd TrackerUITests";
			sourceTree = "<group>";
		};
/* End PBXFileSystemSynchronizedRootGroup section */

/* Begin PBXFrameworksBuildPhase section */
		C3B6F78A2D73EB0300B39AF9 /* Frameworks */ = {
			isa = PBXFrameworksBuildPhase;
			buildActionMask = 2147483647;
			files = (
				C3B8E9BB2DC818F60014357D /* Metal.framework in Frameworks */,
				77B4422086FC3311B4AFE5A9 /* Pods_NFC_Sd_Tracker.framework in Frameworks */,
			);
			runOnlyForDeploymentPostprocessing = 0;
		};
		C3B6F79C2D73EB0500B39AF9 /* Frameworks */ = {
			isa = PBXFrameworksBuildPhase;
			buildActionMask = 2147483647;
			files = (
			);
			runOnlyForDeploymentPostprocessing = 0;
		};
		C3B6F7A62D73EB0500B39AF9 /* Frameworks */ = {
			isa = PBXFrameworksBuildPhase;
			buildActionMask = 2147483647;
			files = (
			);
			runOnlyForDeploymentPostprocessing = 0;
		};
/* End PBXFrameworksBuildPhase section */

/* Begin PBXGroup section */
		25887CDAF20F09AEB2E27813 /* Pods */ = {
			isa = PBXGroup;
			children = (
				A415FBFC7F27D0DE901501B6 /* Pods-NFC Sd Tracker.debug.xcconfig */,
				5D62C5BA224168CE561F75C2 /* Pods-NFC Sd Tracker.release.xcconfig */,
			);
			path = Pods;
			sourceTree = "<group>";
		};
		B62E7A0CEF304E2ADFD01E81 /* Frameworks */ = {
			isa = PBXGroup;
			children = (
				C3B8E9BA2DC818F60014357D /* Metal.framework */,
				FCAE2926EC02C06DC66A8571 /* Pods_NFC_Sd_Tracker.framework */,
			);
			name = Frameworks;
			sourceTree = "<group>";
		};
		C390004D2E297D80000A9A19 /* Recovered References */ = {
			isa = PBXGroup;
			children = (
				FB01A1B12E45F6789C123456 /* Config/Firebase-Debug.xcconfig */,
				FB01A1B22E45F6789C123457 /* Config/Firebase-Release.xcconfig */,
			);
			name = "Recovered References";
			sourceTree = "<group>";
		};
		C3B6F7842D73EB0300B39AF9 = {
			isa = PBXGroup;
			children = (
				C3B6F78F2D73EB0300B39AF9 /* NFC Sd Tracker */,
				C3B6F7A22D73EB0500B39AF9 /* NFC Sd TrackerTests */,
				C3B6F7AC2D73EB0500B39AF9 /* NFC Sd TrackerUITests */,
				C3B6F78E2D73EB0300B39AF9 /* Products */,
				25887CDAF20F09AEB2E27813 /* Pods */,
				B62E7A0CEF304E2ADFD01E81 /* Frameworks */,
				C390004D2E297D80000A9A19 /* Recovered References */,
				C39000A82E298141000A9A19 /* NFC Sd Tracker.entitlements */,
			);
			sourceTree = "<group>";
		};
		C3B6F78E2D73EB0300B39AF9 /* Products */ = {
			isa = PBXGroup;
			children = (
				C3B6F78D2D73EB0300B39AF9 /* NFC Sd Tracker.app */,
				C3B6F79F2D73EB0500B39AF9 /* NFC Sd TrackerTests.xctest */,
				C3B6F7A92D73EB0500B39AF9 /* NFC Sd TrackerUITests.xctest */,
			);
			name = Products;
			sourceTree = "<group>";
		};
/* End PBXGroup section */

/* Begin PBXNativeTarget section */
		C3B6F78C2D73EB0300B39AF9 /* NFC Sd Tracker */ = {
			isa = PBXNativeTarget;
			buildConfigurationList = C3B6F7B32D73EB0500B39AF9 /* Build configuration list for PBXNativeTarget "NFC Sd Tracker" */;
			buildPhases = (
				561D4C9D4A8C24714B54FD4B /* [CP] Check Pods Manifest.lock */,
				C3B6F7892D73EB0300B39AF9 /* Sources */,
				C3B6F78A2D73EB0300B39AF9 /* Frameworks */,
				C3B6F78B2D73EB0300B39AF9 /* Resources */,
				CCFAE12D082FEF7BB0F864E8 /* [CP] Embed Pods Frameworks */,
			);
			buildRules = (
			);
			dependencies = (
			);
			fileSystemSynchronizedGroups = (
				C3B6F78F2D73EB0300B39AF9 /* NFC Sd Tracker */,
			);
			name = "NFC Sd Tracker";
			productName = "NFC Sd Tracker";
			productReference = C3B6F78D2D73EB0300B39AF9 /* NFC Sd Tracker.app */;
			productType = "com.apple.product-type.application";
		};
		C3B6F79E2D73EB0500B39AF9 /* NFC Sd TrackerTests */ = {
			isa = PBXNativeTarget;
			buildConfigurationList = C3B6F7B62D73EB0500B39AF9 /* Build configuration list for PBXNativeTarget "NFC Sd TrackerTests" */;
			buildPhases = (
				C3B6F79B2D73EB0500B39AF9 /* Sources */,
				C3B6F79C2D73EB0500B39AF9 /* Frameworks */,
				C3B6F79D2D73EB0500B39AF9 /* Resources */,
			);
			buildRules = (
			);
			dependencies = (
				C3B6F7A12D73EB0500B39AF9 /* PBXTargetDependency */,
			);
			fileSystemSynchronizedGroups = (
				C3B6F7A22D73EB0500B39AF9 /* NFC Sd TrackerTests */,
			);
			name = "NFC Sd TrackerTests";
			productName = "NFC Sd TrackerTests";
			productReference = C3B6F79F2D73EB0500B39AF9 /* NFC Sd TrackerTests.xctest */;
			productType = "com.apple.product-type.bundle.unit-test";
		};
		C3B6F7A82D73EB0500B39AF9 /* NFC Sd TrackerUITests */ = {
			isa = PBXNativeTarget;
			buildConfigurationList = C3B6F7B92D73EB0500B39AF9 /* Build configuration list for PBXNativeTarget "NFC Sd TrackerUITests" */;
			buildPhases = (
				C3B6F7A52D73EB0500B39AF9 /* Sources */,
				C3B6F7A62D73EB0500B39AF9 /* Frameworks */,
				C3B6F7A72D73EB0500B39AF9 /* Resources */,
			);
			buildRules = (
			);
			dependencies = (
				C3B6F7AB2D73EB0500B39AF9 /* PBXTargetDependency */,
			);
			fileSystemSynchronizedGroups = (
				C3B6F7AC2D73EB0500B39AF9 /* NFC Sd TrackerUITests */,
			);
			name = "NFC Sd TrackerUITests";
			productName = "NFC Sd TrackerUITests";
			productReference = C3B6F7A92D73EB0500B39AF9 /* NFC Sd TrackerUITests.xctest */;
			productType = "com.apple.product-type.bundle.ui-testing";
		};
/* End PBXNativeTarget section */

/* Begin PBXProject section */
		C3B6F7852D73EB0300B39AF9 /* Project object */ = {
			isa = PBXProject;
			attributes = {
				BuildIndependentTargetsInParallel = 1;
				LastSwiftUpdateCheck = 1620;
				LastUpgradeCheck = 1620;
				TargetAttributes = {
					C3B6F78C2D73EB0300B39AF9 = {
						CreatedOnToolsVersion = 16.2;
					};
					C3B6F79E2D73EB0500B39AF9 = {
						CreatedOnToolsVersion = 16.2;
						TestTargetID = C3B6F78C2D73EB0300B39AF9;
					};
					C3B6F7A82D73EB0500B39AF9 = {
						CreatedOnToolsVersion = 16.2;
						TestTargetID = C3B6F78C2D73EB0300B39AF9;
					};
				};
			};
			buildConfigurationList = C3B6F7882D73EB0300B39AF9 /* Build configuration list for PBXProject "NFC Sd Tracker" */;
			developmentRegion = en;
			hasScannedForEncodings = 0;
			knownRegions = (
				en,
				Base,
			);
			mainGroup = C3B6F7842D73EB0300B39AF9;
			minimizedProjectReferenceProxies = 1;
			packageReferences = (
				C38974182D742BF000F75F9F /* XCRemoteSwiftPackageReference "SwiftCSV" */,
			);
			preferredProjectObjectVersion = 77;
			productRefGroup = C3B6F78E2D73EB0300B39AF9 /* Products */;
			projectDirPath = "";
			projectRoot = "";
			targets = (
				C3B6F78C2D73EB0300B39AF9 /* NFC Sd Tracker */,
				C3B6F79E2D73EB0500B39AF9 /* NFC Sd TrackerTests */,
				C3B6F7A82D73EB0500B39AF9 /* NFC Sd TrackerUITests */,
			);
		};
/* End PBXProject section */

/* Begin PBXResourcesBuildPhase section */
		C3B6F78B2D73EB0300B39AF9 /* Resources */ = {
			isa = PBXResourcesBuildPhase;
			buildActionMask = 2147483647;
			files = (
			);
			runOnlyForDeploymentPostprocessing = 0;
		};
		C3B6F79D2D73EB0500B39AF9 /* Resources */ = {
			isa = PBXResourcesBuildPhase;
			buildActionMask = 2147483647;
			files = (
			);
			runOnlyForDeploymentPostprocessing = 0;
		};
		C3B6F7A72D73EB0500B39AF9 /* Resources */ = {
			isa = PBXResourcesBuildPhase;
			buildActionMask = 2147483647;
			files = (
			);
			runOnlyForDeploymentPostprocessing = 0;
		};
/* End PBXResourcesBuildPhase section */

/* Begin PBXShellScriptBuildPhase section */
		561D4C9D4A8C24714B54FD4B /* [CP] Check Pods Manifest.lock */ = {
			isa = PBXShellScriptBuildPhase;
			buildActionMask = 2147483647;
			files = (
			);
			inputFileListPaths = (
			);
			inputPaths = (
				"${PODS_PODFILE_DIR_PATH}/Podfile.lock",
				"${PODS_ROOT}/Manifest.lock",
			);
			name = "[CP] Check Pods Manifest.lock";
			outputFileListPaths = (
			);
			outputPaths = (
				"$(DERIVED_FILE_DIR)/Pods-NFC Sd Tracker-checkManifestLockResult.txt",
			);
			runOnlyForDeploymentPostprocessing = 0;
			shellPath = /bin/sh;
			shellScript = "diff \"${PODS_PODFILE_DIR_PATH}/Podfile.lock\" \"${PODS_ROOT}/Manifest.lock\" > /dev/null\nif [ $? != 0 ] ; then\n    # print error to STDERR\n    echo \"error: The sandbox is not in sync with the Podfile.lock. Run 'pod install' or update your CocoaPods installation.\" >&2\n    exit 1\nfi\n# This output is used by Xcode 'outputs' to avoid re-running this script phase.\necho \"SUCCESS\" > \"${SCRIPT_OUTPUT_FILE_0}\"\n";
			showEnvVarsInLog = 0;
		};
		CCFAE12D082FEF7BB0F864E8 /* [CP] Embed Pods Frameworks */ = {
			isa = PBXShellScriptBuildPhase;
			buildActionMask = 2147483647;
			files = (
			);
			inputFileListPaths = (
				"${PODS_ROOT}/Target Support Files/Pods-NFC Sd Tracker/Pods-NFC Sd Tracker-frameworks-${CONFIGURATION}-input-files.xcfilelist",
			);
			name = "[CP] Embed Pods Frameworks";
			outputFileListPaths = (
				"${PODS_ROOT}/Target Support Files/Pods-NFC Sd Tracker/Pods-NFC Sd Tracker-frameworks-${CONFIGURATION}-output-files.xcfilelist",
			);
			runOnlyForDeploymentPostprocessing = 0;
			shellPath = /bin/sh;
			shellScript = "\"${PODS_ROOT}/Target Support Files/Pods-NFC Sd Tracker/Pods-NFC Sd Tracker-frameworks.sh\"\n";
			showEnvVarsInLog = 0;
		};
/* End PBXShellScriptBuildPhase section */

/* Begin PBXSourcesBuildPhase section */
		C3B6F7892D73EB0300B39AF9 /* Sources */ = {
			isa = PBXSourcesBuildPhase;
			buildActionMask = 2147483647;
			files = (
			);
			runOnlyForDeploymentPostprocessing = 0;
		};
		C3B6F79B2D73EB0500B39AF9 /* Sources */ = {
			isa = PBXSourcesBuildPhase;
			buildActionMask = 2147483647;
			files = (
			);
			runOnlyForDeploymentPostprocessing = 0;
		};
		C3B6F7A52D73EB0500B39AF9 /* Sources */ = {
			isa = PBXSourcesBuildPhase;
			buildActionMask = 2147483647;
			files = (
			);
			runOnlyForDeploymentPostprocessing = 0;
		};
/* End PBXSourcesBuildPhase section */

/* Begin PBXTargetDependency section */
		C3B6F7A12D73EB0500B39AF9 /* PBXTargetDependency */ = {
			isa = PBXTargetDependency;
			target = C3B6F78C2D73EB0300B39AF9 /* NFC Sd Tracker */;
			targetProxy = C3B6F7A02D73EB0500B39AF9 /* PBXContainerItemProxy */;
		};
		C3B6F7AB2D73EB0500B39AF9 /* PBXTargetDependency */ = {
			isa = PBXTargetDependency;
			target = C3B6F78C2D73EB0300B39AF9 /* NFC Sd Tracker */;
			targetProxy = C3B6F7AA2D73EB0500B39AF9 /* PBXContainerItemProxy */;
		};
/* End PBXTargetDependency section */

/* Begin XCBuildConfiguration section */
		C3B6F7B12D73EB0500B39AF9 /* Debug */ = {
			isa = XCBuildConfiguration;
			buildSettings = {
				ALWAYS_SEARCH_USER_PATHS = NO;
				ASSETCATALOG_COMPILER_GENERATE_SWIFT_ASSET_SYMBOL_EXTENSIONS = YES;
				CLANG_ANALYZER_NONNULL = YES;
				CLANG_ANALYZER_NUMBER_OBJECT_CONVERSION = YES_AGGRESSIVE;
				CLANG_CXX_LANGUAGE_STANDARD = "gnu++20";
				CLANG_ENABLE_MODULES = YES;
				CLANG_ENABLE_OBJC_ARC = YES;
				CLANG_ENABLE_OBJC_WEAK = YES;
				CLANG_WARN_BLOCK_CAPTURE_AUTORELEASING = YES;
				CLANG_WARN_BOOL_CONVERSION = YES;
				CLANG_WARN_COMMA = YES;
				CLANG_WARN_CONSTANT_CONVERSION = YES;
				CLANG_WARN_DEPRECATED_OBJC_IMPLEMENTATIONS = YES;
				CLANG_WARN_DIRECT_OBJC_ISA_USAGE = YES_ERROR;
				CLANG_WARN_DOCUMENTATION_COMMENTS = YES;
				CLANG_WARN_EMPTY_BODY = YES;
				CLANG_WARN_ENUM_CONVERSION = YES;
				CLANG_WARN_INFINITE_RECURSION = YES;
				CLANG_WARN_INT_CONVERSION = YES;
				CLANG_WARN_NON_LITERAL_NULL_CONVERSION = YES;
				CLANG_WARN_OBJC_IMPLICIT_RETAIN_SELF = YES;
				CLANG_WARN_OBJC_LITERAL_CONVERSION = YES;
				CLANG_WARN_OBJC_ROOT_CLASS = YES_ERROR;
				CLANG_WARN_QUOTED_INCLUDE_IN_FRAMEWORK_HEADER = YES;
				CLANG_WARN_RANGE_LOOP_ANALYSIS = YES;
				CLANG_WARN_STRICT_PROTOTYPES = YES;
				CLANG_WARN_SUSPICIOUS_MOVE = YES;
				CLANG_WARN_UNGUARDED_AVAILABILITY = YES_AGGRESSIVE;
				CLANG_WARN_UNREACHABLE_CODE = YES;
				CLANG_WARN__DUPLICATE_METHOD_MATCH = YES;
				COPY_PHASE_STRIP = NO;
				DEBUG_INFORMATION_FORMAT = dwarf;
				ENABLE_STRICT_OBJC_MSGSEND = YES;
				ENABLE_TESTABILITY = YES;
				ENABLE_USER_SCRIPT_SANDBOXING = NO;
				GCC_C_LANGUAGE_STANDARD = gnu17;
				GCC_DYNAMIC_NO_PIC = NO;
				GCC_NO_COMMON_BLOCKS = YES;
				GCC_OPTIMIZATION_LEVEL = 0;
				GCC_PREPROCESSOR_DEFINITIONS = (
					"DEBUG=1",
					"$(inherited)",
				);
				GCC_WARN_64_TO_32_BIT_CONVERSION = YES;
				GCC_WARN_ABOUT_RETURN_TYPE = YES_ERROR;
				GCC_WARN_UNDECLARED_SELECTOR = YES;
				GCC_WARN_UNINITIALIZED_AUTOS = YES_AGGRESSIVE;
				GCC_WARN_UNUSED_FUNCTION = YES;
				GCC_WARN_UNUSED_VARIABLE = YES;
				IPHONEOS_DEPLOYMENT_TARGET = 18.0;
				LOCALIZATION_PREFERS_STRING_CATALOGS = YES;
				MTL_ENABLE_DEBUG_INFO = INCLUDE_SOURCE;
				MTL_FAST_MATH = YES;
				ONLY_ACTIVE_ARCH = YES;
				SDKROOT = iphoneos;
				SWIFT_ACTIVE_COMPILATION_CONDITIONS = "DEBUG $(inherited)";
				SWIFT_OPTIMIZATION_LEVEL = "-Onone";
			};
			name = Debug;
		};
		C3B6F7B22D73EB0500B39AF9 /* Release */ = {
			isa = XCBuildConfiguration;
			buildSettings = {
				ALWAYS_SEARCH_USER_PATHS = NO;
				ASSETCATALOG_COMPILER_GENERATE_SWIFT_ASSET_SYMBOL_EXTENSIONS = YES;
				CLANG_ANALYZER_NONNULL = YES;
				CLANG_ANALYZER_NUMBER_OBJECT_CONVERSION = YES_AGGRESSIVE;
				CLANG_CXX_LANGUAGE_STANDARD = "gnu++20";
				CLANG_ENABLE_MODULES = YES;
				CLANG_ENABLE_OBJC_ARC = YES;
				CLANG_ENABLE_OBJC_WEAK = YES;
				CLANG_WARN_BLOCK_CAPTURE_AUTORELEASING = YES;
				CLANG_WARN_BOOL_CONVERSION = YES;
				CLANG_WARN_COMMA = YES;
				CLANG_WARN_CONSTANT_CONVERSION = YES;
				CLANG_WARN_DEPRECATED_OBJC_IMPLEMENTATIONS = YES;
				CLANG_WARN_DIRECT_OBJC_ISA_USAGE = YES_ERROR;
				CLANG_WARN_DOCUMENTATION_COMMENTS = YES;
				CLANG_WARN_EMPTY_BODY = YES;
				CLANG_WARN_ENUM_CONVERSION = YES;
				CLANG_WARN_INFINITE_RECURSION = YES;
				CLANG_WARN_INT_CONVERSION = YES;
				CLANG_WARN_NON_LITERAL_NULL_CONVERSION = YES;
				CLANG_WARN_OBJC_IMPLICIT_RETAIN_SELF = YES;
				CLANG_WARN_OBJC_LITERAL_CONVERSION = YES;
				CLANG_WARN_OBJC_ROOT_CLASS = YES_ERROR;
				CLANG_WARN_QUOTED_INCLUDE_IN_FRAMEWORK_HEADER = YES;
				CLANG_WARN_RANGE_LOOP_ANALYSIS = YES;
				CLANG_WARN_STRICT_PROTOTYPES = YES;
				CLANG_WARN_SUSPICIOUS_MOVE = YES;
				CLANG_WARN_UNGUARDED_AVAILABILITY = YES_AGGRESSIVE;
				CLANG_WARN_UNREACHABLE_CODE = YES;
				CLANG_WARN__DUPLICATE_METHOD_MATCH = YES;
				COPY_PHASE_STRIP = NO;
				DEBUG_INFORMATION_FORMAT = "dwarf-with-dsym";
				ENABLE_NS_ASSERTIONS = NO;
				ENABLE_STRICT_OBJC_MSGSEND = YES;
				ENABLE_USER_SCRIPT_SANDBOXING = NO;
				GCC_C_LANGUAGE_STANDARD = gnu17;
				GCC_NO_COMMON_BLOCKS = YES;
				GCC_WARN_64_TO_32_BIT_CONVERSION = YES;
				GCC_WARN_ABOUT_RETURN_TYPE = YES_ERROR;
				GCC_WARN_UNDECLARED_SELECTOR = YES;
				GCC_WARN_UNINITIALIZED_AUTOS = YES_AGGRESSIVE;
				GCC_WARN_UNUSED_FUNCTION = YES;
				GCC_WARN_UNUSED_VARIABLE = YES;
				IPHONEOS_DEPLOYMENT_TARGET = 18.0;
				LOCALIZATION_PREFERS_STRING_CATALOGS = YES;
				MTL_ENABLE_DEBUG_INFO = NO;
				MTL_FAST_MATH = YES;
				SDKROOT = iphoneos;
				SWIFT_COMPILATION_MODE = wholemodule;
				VALIDATE_PRODUCT = YES;
			};
			name = Release;
		};
		C3B6F7B42D73EB0500B39AF9 /* Debug */ = {
			isa = XCBuildConfiguration;
			baseConfigurationReference = FB01A1B12E45F6789C123456 /* Config/Firebase-Debug.xcconfig */;
			buildSettings = {
				ASSETCATALOG_COMPILER_APPICON_NAME = AppIcon;
				ASSETCATALOG_COMPILER_GLOBAL_ACCENT_COLOR_NAME = AccentColor;
				CODE_SIGN_ENTITLEMENTS = "NFC Sd Tracker/NFC Sd Tracker.entitlements";
				CODE_SIGN_STYLE = Automatic;
				CURRENT_PROJECT_VERSION = 19;
				DEVELOPMENT_ASSET_PATHS = "\"NFC Sd Tracker/Preview Content\"";
				DEVELOPMENT_TEAM = H42FQ49589;
				ENABLE_PREVIEWS = YES;
				GENERATE_INFOPLIST_FILE = YES;
				INFOPLIST_FILE = "NFC-Sd-Tracker-Info.plist";
				INFOPLIST_KEY_LSApplicationCategoryType = "public.app-category.utilities";
				INFOPLIST_KEY_NFCReaderUsageDescription = "This app uses NFC to scan SD cards for tracking purposes.";
				INFOPLIST_KEY_UIApplicationSceneManifest_Generation = YES;
				INFOPLIST_KEY_UIApplicationSupportsIndirectInputEvents = YES;
				INFOPLIST_KEY_UILaunchScreen_Generation = YES;
				INFOPLIST_KEY_UISupportedInterfaceOrientations = UIInterfaceOrientationPortrait;
				INFOPLIST_KEY_UISupportedInterfaceOrientations_iPad = "UIInterfaceOrientationLandscapeLeft UIInterfaceOrientationLandscapeRight UIInterfaceOrientationPortrait UIInterfaceOrientationPortraitUpsideDown";
				IPHONEOS_DEPLOYMENT_TARGET = 18.0;
				LD_RUNPATH_SEARCH_PATHS = (
					"$(inherited)",
					"@executable_path/Frameworks",
				);
				MARKETING_VERSION = 1.1;
				PRODUCT_BUNDLE_IDENTIFIER = "Iconik.NFC-Sd-Tracker2";
				PRODUCT_NAME = "$(TARGET_NAME)";
				SWIFT_EMIT_LOC_STRINGS = YES;
				SWIFT_VERSION = 5.0;
				TARGETED_DEVICE_FAMILY = "1,2";
			};
			name = Debug;
		};
		C3B6F7B52D73EB0500B39AF9 /* Release */ = {
			isa = XCBuildConfiguration;
			baseConfigurationReference = FB01A1B22E45F6789C123457 /* Config/Firebase-Release.xcconfig */;
			buildSettings = {
				ASSETCATALOG_COMPILER_APPICON_NAME = AppIcon;
				ASSETCATALOG_COMPILER_GLOBAL_ACCENT_COLOR_NAME = AccentColor;
				CODE_SIGN_ENTITLEMENTS = "NFC Sd Tracker/NFC Sd Tracker.entitlements";
				CODE_SIGN_STYLE = Automatic;
				CURRENT_PROJECT_VERSION = 19;
				DEVELOPMENT_ASSET_PATHS = "\"NFC Sd Tracker/Preview Content\"";
				DEVELOPMENT_TEAM = H42FQ49589;
				ENABLE_PREVIEWS = YES;
				GENERATE_INFOPLIST_FILE = YES;
				INFOPLIST_FILE = "NFC-Sd-Tracker-Info.plist";
				INFOPLIST_KEY_LSApplicationCategoryType = "public.app-category.utilities";
				INFOPLIST_KEY_NFCReaderUsageDescription = "This app uses NFC to scan SD cards for tracking purposes.";
				INFOPLIST_KEY_UIApplicationSceneManifest_Generation = YES;
				INFOPLIST_KEY_UIApplicationSupportsIndirectInputEvents = YES;
				INFOPLIST_KEY_UILaunchScreen_Generation = YES;
				INFOPLIST_KEY_UISupportedInterfaceOrientations = UIInterfaceOrientationPortrait;
				INFOPLIST_KEY_UISupportedInterfaceOrientations_iPad = "UIInterfaceOrientationLandscapeLeft UIInterfaceOrientationLandscapeRight UIInterfaceOrientationPortrait UIInterfaceOrientationPortraitUpsideDown";
				IPHONEOS_DEPLOYMENT_TARGET = 18.0;
				LD_RUNPATH_SEARCH_PATHS = (
					"$(inherited)",
					"@executable_path/Frameworks",
				);
				MARKETING_VERSION = 1.1;
				PRODUCT_BUNDLE_IDENTIFIER = "Iconik.NFC-Sd-Tracker2";
				PRODUCT_NAME = "$(TARGET_NAME)";
				SWIFT_EMIT_LOC_STRINGS = YES;
				SWIFT_VERSION = 5.0;
				TARGETED_DEVICE_FAMILY = "1,2";
			};
			name = Release;
		};
		C3B6F7B72D73EB0500B39AF9 /* Debug */ = {
			isa = XCBuildConfiguration;
			buildSettings = {
				BUNDLE_LOADER = "$(TEST_HOST)";
				CODE_SIGN_STYLE = Automatic;
				CURRENT_PROJECT_VERSION = 1;
				DEVELOPMENT_TEAM = H42FQ49589;
				GENERATE_INFOPLIST_FILE = YES;
				IPHONEOS_DEPLOYMENT_TARGET = 16.6;
				MARKETING_VERSION = 1.0;
				PRODUCT_BUNDLE_IDENTIFIER = "Iconik.NFC-Sd-TrackerTests";
				PRODUCT_NAME = "$(TARGET_NAME)";
				SWIFT_EMIT_LOC_STRINGS = NO;
				SWIFT_VERSION = 5.0;
				TARGETED_DEVICE_FAMILY = "1,2";
				TEST_HOST = "$(BUILT_PRODUCTS_DIR)/NFC Sd Tracker.app/$(BUNDLE_EXECUTABLE_FOLDER_PATH)/NFC Sd Tracker";
			};
			name = Debug;
		};
		C3B6F7B82D73EB0500B39AF9 /* Release */ = {
			isa = XCBuildConfiguration;
			buildSettings = {
				BUNDLE_LOADER = "$(TEST_HOST)";
				CODE_SIGN_STYLE = Automatic;
				CURRENT_PROJECT_VERSION = 1;
				DEVELOPMENT_TEAM = H42FQ49589;
				GENERATE_INFOPLIST_FILE = YES;
				IPHONEOS_DEPLOYMENT_TARGET = 16.6;
				MARKETING_VERSION = 1.0;
				PRODUCT_BUNDLE_IDENTIFIER = "Iconik.NFC-Sd-TrackerTests";
				PRODUCT_NAME = "$(TARGET_NAME)";
				SWIFT_EMIT_LOC_STRINGS = NO;
				SWIFT_VERSION = 5.0;
				TARGETED_DEVICE_FAMILY = "1,2";
				TEST_HOST = "$(BUILT_PRODUCTS_DIR)/NFC Sd Tracker.app/$(BUNDLE_EXECUTABLE_FOLDER_PATH)/NFC Sd Tracker";
			};
			name = Release;
		};
		C3B6F7BA2D73EB0500B39AF9 /* Debug */ = {
			isa = XCBuildConfiguration;
			buildSettings = {
				CODE_SIGN_STYLE = Automatic;
				CURRENT_PROJECT_VERSION = 1;
				DEVELOPMENT_TEAM = H42FQ49589;
				GENERATE_INFOPLIST_FILE = YES;
				MARKETING_VERSION = 1.0;
				PRODUCT_BUNDLE_IDENTIFIER = "Iconik.NFC-Sd-TrackerUITests";
				PRODUCT_NAME = "$(TARGET_NAME)";
				SWIFT_EMIT_LOC_STRINGS = NO;
				SWIFT_VERSION = 5.0;
				TARGETED_DEVICE_FAMILY = "1,2";
				TEST_TARGET_NAME = "NFC Sd Tracker";
			};
			name = Debug;
		};
		C3B6F7BB2D73EB0500B39AF9 /* Release */ = {
			isa = XCBuildConfiguration;
			buildSettings = {
				CODE_SIGN_STYLE = Automatic;
				CURRENT_PROJECT_VERSION = 1;
				DEVELOPMENT_TEAM = H42FQ49589;
				GENERATE_INFOPLIST_FILE = YES;
				MARKETING_VERSION = 1.0;
				PRODUCT_BUNDLE_IDENTIFIER = "Iconik.NFC-Sd-TrackerUITests";
				PRODUCT_NAME = "$(TARGET_NAME)";
				SWIFT_EMIT_LOC_STRINGS = NO;
				SWIFT_VERSION = 5.0;
				TARGETED_DEVICE_FAMILY = "1,2";
				TEST_TARGET_NAME = "NFC Sd Tracker";
			};
			name = Release;
		};
/* End XCBuildConfiguration section */

/* Begin XCConfigurationList section */
		C3B6F7882D73EB0300B39AF9 /* Build configuration list for PBXProject "NFC Sd Tracker" */ = {
			isa = XCConfigurationList;
			buildConfigurations = (
				C3B6F7B12D73EB0500B39AF9 /* Debug */,
				C3B6F7B22D73EB0500B39AF9 /* Release */,
			);
			defaultConfigurationIsVisible = 0;
			defaultConfigurationName = Release;
		};
		C3B6F7B32D73EB0500B39AF9 /* Build configuration list for PBXNativeTarget "NFC Sd Tracker" */ = {
			isa = XCConfigurationList;
			buildConfigurations = (
				C3B6F7B42D73EB0500B39AF9 /* Debug */,
				C3B6F7B52D73EB0500B39AF9 /* Release */,
			);
			defaultConfigurationIsVisible = 0;
			defaultConfigurationName = Release;
		};
		C3B6F7B62D73EB0500B39AF9 /* Build configuration list for PBXNativeTarget "NFC Sd TrackerTests" */ = {
			isa = XCConfigurationList;
			buildConfigurations = (
				C3B6F7B72D73EB0500B39AF9 /* Debug */,
				C3B6F7B82D73EB0500B39AF9 /* Release */,
			);
			defaultConfigurationIsVisible = 0;
			defaultConfigurationName = Release;
		};
		C3B6F7B92D73EB0500B39AF9 /* Build configuration list for PBXNativeTarget "NFC Sd TrackerUITests" */ = {
			isa = XCConfigurationList;
			buildConfigurations = (
				C3B6F7BA2D73EB0500B39AF9 /* Debug */,
				C3B6F7BB2D73EB0500B39AF9 /* Release */,
			);
			defaultConfigurationIsVisible = 0;
			defaultConfigurationName = Release;
		};
/* End XCConfigurationList section */

/* Begin XCRemoteSwiftPackageReference section */
		C38974182D742BF000F75F9F /* XCRemoteSwiftPackageReference "SwiftCSV" */ = {
			isa = XCRemoteSwiftPackageReference;
			repositoryURL = "https://github.com/naoty/SwiftCSV";
			requirement = {
				kind = upToNextMajorVersion;
				minimumVersion = 0.10.0;
			};
		};
/* End XCRemoteSwiftPackageReference section */
	};
	rootObject = C3B6F7852D73EB0300B39AF9 /* Project object */;
}
